
Microsoft Visual Studio Solution File, Format Version 12.00
# Visual Studio Version 17
VisualStudioVersion = 17.5.002.0
MinimumVisualStudioVersion = 10.0.40219.1
Project("{9A19103F-16F7-4668-BE54-9A1E7A4F7556}") = "adventofcode2024", "adventofcode2024.csproj", "{8F94E8C4-965E-4B4B-9E9F-3E04214F3A94}"
EndProject
Project("{9A19103F-16F7-4668-BE54-9A1E7A4F7556}") = "Day01", "Day01\Day01.csproj", "{0B810AD7-3081-4AC3-A749-177FC4968769}"
EndProject
Global
	GlobalSection(SolutionConfigurationPlatforms) = preSolution
		Debug|Any CPU = Debug|Any CPU
		Release|Any CPU = Release|Any CPU
	EndGlobalSection
	GlobalSection(ProjectConfigurationPlatforms) = postSolution
		{8F94E8C4-965E-4B4B-9E9F-3E04214F3A94}.Debug|Any CPU.ActiveCfg = Debug|Any CPU
		{8F94E8C4-965E-4B4B-9E9F-3E04214F3A94}.Debug|Any CPU.Build.0 = Debug|Any CPU
		{8F94E8C4-965E-4B4B-9E9F-3E04214F3A94}.Release|Any CPU.ActiveCfg = Release|Any CPU
		{8F94E8C4-965E-4B4B-9E9F-3E04214F3A94}.Release|Any CPU.Build.0 = Release|Any CPU
		{0B810AD7-3081-4AC3-A749-177FC4968769}.Debug|Any CPU.ActiveCfg = Debug|Any CPU
		{0B810AD7-3081-4AC3-A749-177FC4968769}.Debug|Any CPU.Build.0 = Debug|Any CPU
		{0B810AD7-3081-4AC3-A749-177FC4968769}.Release|Any CPU.ActiveCfg = Release|Any CPU
		{0B810AD7-3081-4AC3-A749-177FC4968769}.Release|Any CPU.Build.0 = Release|Any CPU
	EndGlobalSection
	GlobalSection(SolutionProperties) = preSolution
		HideSolutionNode = FALSE
	EndGlobalSection
	GlobalSection(ExtensibilityGlobals) = postSolution
		SolutionGuid = {FADEEC52-3F1F-44A2-A830-8117E95CD7B8}
	EndGlobalSection
EndGlobal
